
Microsoft Visual Studio Solution File, Format Version 12.00
# Visual Studio Version 16
VisualStudioVersion = 16.0.34114.132
MinimumVisualStudioVersion = 10.0.40219.1
Project("{FAE04EC0-301F-11D3-BF4B-00C04F79EFBC}") = "Ticketing System - Cricket Grounds", "Ticketing System - Cricket Grounds\Ticketing System - Cricket Grounds.csproj", "{EC2BF2D2-F50E-4F05-A169-DAEF4F189858}"
EndProject
Global
	GlobalSection(SolutionConfigurationPlatforms) = preSolution
		Debug|Any CPU = Debug|Any CPU
		Release|Any CPU = Release|Any CPU
	EndGlobalSection
	GlobalSection(ProjectConfigurationPlatforms) = postSolution
		{EC2BF2D2-F50E-4F05-A169-DAEF4F189858}.Debug|Any CPU.ActiveCfg = Debug|Any CPU
		{EC2BF2D2-F50E-4F05-A169-DAEF4F189858}.Debug|Any CPU.Build.0 = Debug|Any CPU
		{EC2BF2D2-F50E-4F05-A169-DAEF4F189858}.Release|Any CPU.ActiveCfg = Release|Any CPU
		{EC2BF2D2-F50E-4F05-A169-DAEF4F189858}.Release|Any CPU.Build.0 = Release|Any CPU
	EndGlobalSection
	GlobalSection(SolutionProperties) = preSolution
		HideSolutionNode = FALSE
	EndGlobalSection
	GlobalSection(ExtensibilityGlobals) = postSolution
		SolutionGuid = {5707535D-E861-47B5-B7D1-CF62CA587253}
	EndGlobalSection
EndGlobal
